
Microsoft Visual Studio Solution File, Format Version 12.00
# Visual Studio Version 17
VisualStudioVersion = 17.7.34031.279
MinimumVisualStudioVersion = 10.0.40219.1
Project("{FAE04EC0-301F-11D3-BF4B-00C04F79EFBC}") = "Kittysplit", "Kittysplit.csproj", "{9815B2C9-D459-43DD-BAF6-1A63B0962B0A}"
EndProject
Global
	GlobalSection(SolutionConfigurationPlatforms) = preSolution
		Debug|Any CPU = Debug|Any CPU
		Release|Any CPU = Release|Any CPU
	EndGlobalSection
	GlobalSection(ProjectConfigurationPlatforms) = postSolution
		{9815B2C9-D459-43DD-BAF6-1A63B0962B0A}.Debug|Any CPU.ActiveCfg = Debug|Any CPU
		{9815B2C9-D459-43DD-BAF6-1A63B0962B0A}.Debug|Any CPU.Build.0 = Debug|Any CPU
		{9815B2C9-D459-43DD-BAF6-1A63B0962B0A}.Release|Any CPU.ActiveCfg = Release|Any CPU
		{9815B2C9-D459-43DD-BAF6-1A63B0962B0A}.Release|Any CPU.Build.0 = Release|Any CPU
	EndGlobalSection
	GlobalSection(SolutionProperties) = preSolution
		HideSolutionNode = FALSE
	EndGlobalSection
	GlobalSection(ExtensibilityGlobals) = postSolution
		SolutionGuid = {A309E46D-1F59-4224-A939-B1EAF67F9B38}
	EndGlobalSection
EndGlobal
